
Microsoft Visual Studio Solution File, Format Version 12.00
# Visual Studio 15
VisualStudioVersion = 15.0.28307.106
MinimumVisualStudioVersion = 10.0.40219.1
Project("{9A19103F-16F7-4668-BE54-9A1E7A4F7556}") = "MAplication", "MAplication\MAplication.csproj", "{9BE72053-5781-48C0-9B92-A0B8F8ADEA92}"
EndProject
Project("{2150E333-8FDC-42A3-9474-1A3956D46DE8}") = "Data", "Data", "{EB6F2240-23F5-45E6-A5BB-0D6BECB690B6}"
EndProject
Project("{2150E333-8FDC-42A3-9474-1A3956D46DE8}") = "Domain", "Domain", "{147BDA56-E479-4523-9EA3-C0B44C0EAC50}"
EndProject
Project("{2150E333-8FDC-42A3-9474-1A3956D46DE8}") = "Extentions", "Extentions", "{B3530287-B679-4F72-AD8C-2597B8DC3FAF}"
EndProject
Project("{2150E333-8FDC-42A3-9474-1A3956D46DE8}") = "Infrastructure", "Infrastructure", "{7DADD1CC-C3F6-4432-8B8D-F3391AAB6D0B}"
EndProject
Project("{2150E333-8FDC-42A3-9474-1A3956D46DE8}") = "Interface", "Interface", "{6216CF54-2F37-4A34-82A3-1298CD7F7291}"
EndProject
Project("{2150E333-8FDC-42A3-9474-1A3956D46DE8}") = "Service", "Service", "{02D716D6-CB79-4B04-A48A-0670CC4321C3}"
EndProject
Project("{2150E333-8FDC-42A3-9474-1A3956D46DE8}") = "UI", "UI", "{12390A0A-6053-4013-9288-A7177E9083B5}"
EndProject
Project("{2150E333-8FDC-42A3-9474-1A3956D46DE8}") = "Business", "Business", "{0BAA4B52-4A1C-44CF-95B4-A03D79829768}"
EndProject
Project("{9A19103F-16F7-4668-BE54-9A1E7A4F7556}") = "DataAccessLayer", "DataAccessLayer\DataAccessLayer.csproj", "{5D3F00D7-A770-407E-AFFC-D4AE3FECCE28}"
EndProject
Project("{9A19103F-16F7-4668-BE54-9A1E7A4F7556}") = "BusinessLayer", "BusinessLayer\BusinessLayer.csproj", "{8D8A9327-DBFF-44C7-BDA6-70EF9442768D}"
EndProject
Project("{9A19103F-16F7-4668-BE54-9A1E7A4F7556}") = "Entities", "Entities\Entities.csproj", "{98DFFC79-71EC-42ED-A939-9DD816CBE58F}"
EndProject
Project("{9A19103F-16F7-4668-BE54-9A1E7A4F7556}") = "CacheLayer", "CacheLayer\CacheLayer.csproj", "{043BDF5F-0049-4AFC-AB75-693DFFBABF3A}"
EndProject
Project("{9A19103F-16F7-4668-BE54-9A1E7A4F7556}") = "Core", "Core\Core.csproj", "{6866837C-701D-4B7B-9A7A-E3CD0E862405}"
EndProject
Project("{9A19103F-16F7-4668-BE54-9A1E7A4F7556}") = "Interfaces", "Interfaces\Interfaces.csproj", "{746129AF-1646-4F2E-BF34-D8AB0FB770E0}"
EndProject
Project("{9A19103F-16F7-4668-BE54-9A1E7A4F7556}") = "Services", "Services\Services.csproj", "{02FB1535-1E12-4C62-B724-AD76D1F58FD4}"
EndProject
Project("{2150E333-8FDC-42A3-9474-1A3956D46DE8}") = "Mock", "Mock", "{EB5EF8A0-3537-4703-A72D-14E587BD6A50}"
EndProject
Project("{FAE04EC0-301F-11D3-BF4B-00C04F79EFBC}") = "TestUnit", "TestUnit\TestUnit.csproj", "{ACD6B6FB-2D04-4E66-8FE4-24023FFF275A}"
EndProject
Global
	GlobalSection(SolutionConfigurationPlatforms) = preSolution
		Debug|Any CPU = Debug|Any CPU
		Release|Any CPU = Release|Any CPU
	EndGlobalSection
	GlobalSection(ProjectConfigurationPlatforms) = postSolution
		{9BE72053-5781-48C0-9B92-A0B8F8ADEA92}.Debug|Any CPU.ActiveCfg = Debug|Any CPU
		{9BE72053-5781-48C0-9B92-A0B8F8ADEA92}.Debug|Any CPU.Build.0 = Debug|Any CPU
		{9BE72053-5781-48C0-9B92-A0B8F8ADEA92}.Release|Any CPU.ActiveCfg = Release|Any CPU
		{9BE72053-5781-48C0-9B92-A0B8F8ADEA92}.Release|Any CPU.Build.0 = Release|Any CPU
		{5D3F00D7-A770-407E-AFFC-D4AE3FECCE28}.Debug|Any CPU.ActiveCfg = Debug|Any CPU
		{5D3F00D7-A770-407E-AFFC-D4AE3FECCE28}.Debug|Any CPU.Build.0 = Debug|Any CPU
		{5D3F00D7-A770-407E-AFFC-D4AE3FECCE28}.Release|Any CPU.ActiveCfg = Release|Any CPU
		{5D3F00D7-A770-407E-AFFC-D4AE3FECCE28}.Release|Any CPU.Build.0 = Release|Any CPU
		{8D8A9327-DBFF-44C7-BDA6-70EF9442768D}.Debug|Any CPU.ActiveCfg = Debug|Any CPU
		{8D8A9327-DBFF-44C7-BDA6-70EF9442768D}.Debug|Any CPU.Build.0 = Debug|Any CPU
		{8D8A9327-DBFF-44C7-BDA6-70EF9442768D}.Release|Any CPU.ActiveCfg = Release|Any CPU
		{8D8A9327-DBFF-44C7-BDA6-70EF9442768D}.Release|Any CPU.Build.0 = Release|Any CPU
		{98DFFC79-71EC-42ED-A939-9DD816CBE58F}.Debug|Any CPU.ActiveCfg = Debug|Any CPU
		{98DFFC79-71EC-42ED-A939-9DD816CBE58F}.Debug|Any CPU.Build.0 = Debug|Any CPU
		{98DFFC79-71EC-42ED-A939-9DD816CBE58F}.Release|Any CPU.ActiveCfg = Release|Any CPU
		{98DFFC79-71EC-42ED-A939-9DD816CBE58F}.Release|Any CPU.Build.0 = Release|Any CPU
		{043BDF5F-0049-4AFC-AB75-693DFFBABF3A}.Debug|Any CPU.ActiveCfg = Debug|Any CPU
		{043BDF5F-0049-4AFC-AB75-693DFFBABF3A}.Debug|Any CPU.Build.0 = Debug|Any CPU
		{043BDF5F-0049-4AFC-AB75-693DFFBABF3A}.Release|Any CPU.ActiveCfg = Release|Any CPU
		{043BDF5F-0049-4AFC-AB75-693DFFBABF3A}.Release|Any CPU.Build.0 = Release|Any CPU
		{6866837C-701D-4B7B-9A7A-E3CD0E862405}.Debug|Any CPU.ActiveCfg = Debug|Any CPU
		{6866837C-701D-4B7B-9A7A-E3CD0E862405}.Debug|Any CPU.Build.0 = Debug|Any CPU
		{6866837C-701D-4B7B-9A7A-E3CD0E862405}.Release|Any CPU.ActiveCfg = Release|Any CPU
		{6866837C-701D-4B7B-9A7A-E3CD0E862405}.Release|Any CPU.Build.0 = Release|Any CPU
		{746129AF-1646-4F2E-BF34-D8AB0FB770E0}.Debug|Any CPU.ActiveCfg = Debug|Any CPU
		{746129AF-1646-4F2E-BF34-D8AB0FB770E0}.Debug|Any CPU.Build.0 = Debug|Any CPU
		{746129AF-1646-4F2E-BF34-D8AB0FB770E0}.Release|Any CPU.ActiveCfg = Release|Any CPU
		{746129AF-1646-4F2E-BF34-D8AB0FB770E0}.Release|Any CPU.Build.0 = Release|Any CPU
		{02FB1535-1E12-4C62-B724-AD76D1F58FD4}.Debug|Any CPU.ActiveCfg = Debug|Any CPU
		{02FB1535-1E12-4C62-B724-AD76D1F58FD4}.Debug|Any CPU.Build.0 = Debug|Any CPU
		{02FB1535-1E12-4C62-B724-AD76D1F58FD4}.Release|Any CPU.ActiveCfg = Release|Any CPU
		{02FB1535-1E12-4C62-B724-AD76D1F58FD4}.Release|Any CPU.Build.0 = Release|Any CPU
		{ACD6B6FB-2D04-4E66-8FE4-24023FFF275A}.Debug|Any CPU.ActiveCfg = Debug|Any CPU
		{ACD6B6FB-2D04-4E66-8FE4-24023FFF275A}.Debug|Any CPU.Build.0 = Debug|Any CPU
		{ACD6B6FB-2D04-4E66-8FE4-24023FFF275A}.Release|Any CPU.ActiveCfg = Release|Any CPU
		{ACD6B6FB-2D04-4E66-8FE4-24023FFF275A}.Release|Any CPU.Build.0 = Release|Any CPU
	EndGlobalSection
	GlobalSection(SolutionProperties) = preSolution
		HideSolutionNode = FALSE
	EndGlobalSection
	GlobalSection(NestedProjects) = preSolution
		{9BE72053-5781-48C0-9B92-A0B8F8ADEA92} = {12390A0A-6053-4013-9288-A7177E9083B5}
		{5D3F00D7-A770-407E-AFFC-D4AE3FECCE28} = {EB6F2240-23F5-45E6-A5BB-0D6BECB690B6}
		{8D8A9327-DBFF-44C7-BDA6-70EF9442768D} = {0BAA4B52-4A1C-44CF-95B4-A03D79829768}
		{98DFFC79-71EC-42ED-A939-9DD816CBE58F} = {147BDA56-E479-4523-9EA3-C0B44C0EAC50}
		{043BDF5F-0049-4AFC-AB75-693DFFBABF3A} = {7DADD1CC-C3F6-4432-8B8D-F3391AAB6D0B}
		{6866837C-701D-4B7B-9A7A-E3CD0E862405} = {7DADD1CC-C3F6-4432-8B8D-F3391AAB6D0B}
		{746129AF-1646-4F2E-BF34-D8AB0FB770E0} = {6216CF54-2F37-4A34-82A3-1298CD7F7291}
		{02FB1535-1E12-4C62-B724-AD76D1F58FD4} = {02D716D6-CB79-4B04-A48A-0670CC4321C3}
		{ACD6B6FB-2D04-4E66-8FE4-24023FFF275A} = {EB5EF8A0-3537-4703-A72D-14E587BD6A50}
	EndGlobalSection
	GlobalSection(ExtensibilityGlobals) = postSolution
		SolutionGuid = {4F4DAAE6-686F-4316-A8A6-F78E27097025}
	EndGlobalSection
EndGlobal
